
Microsoft Visual Studio Solution File, Format Version 12.00
# Visual Studio 15
VisualStudioVersion = 15.0.28010.2041
MinimumVisualStudioVersion = 10.0.40219.1
Project("{FAE04EC0-301F-11D3-BF4B-00C04F79EFBC}") = "Happiness.Android", "Happiness\Happiness.Android\Happiness.Android.csproj", "{CDFF242E-9F3B-4156-8958-D3DB76D8DD9D}"
EndProject
Project("{FAE04EC0-301F-11D3-BF4B-00C04F79EFBC}") = "Happiness.iOS", "Happiness\Happiness.iOS\Happiness.iOS.csproj", "{18A1C552-5F89-423D-93C7-3DE613FAA381}"
EndProject
Project("{FAE04EC0-301F-11D3-BF4B-00C04F79EFBC}") = "Happiness.UWP", "Happiness\Happiness.UWP\Happiness.UWP.csproj", "{79675404-8106-40C3-96EF-7F45A8A4870F}"
EndProject
Project("{FAE04EC0-301F-11D3-BF4B-00C04F79EFBC}") = "Happiness", "Happiness\Happiness\Happiness.csproj", "{4C83E559-814E-4145-AD86-F8BC728C329D}"
EndProject
Global
	GlobalSection(SolutionConfigurationPlatforms) = preSolution
		Ad-Hoc|Any CPU = Ad-Hoc|Any CPU
		Ad-Hoc|ARM = Ad-Hoc|ARM
		Ad-Hoc|iPhone = Ad-Hoc|iPhone
		Ad-Hoc|iPhoneSimulator = Ad-Hoc|iPhoneSimulator
		Ad-Hoc|x64 = Ad-Hoc|x64
		Ad-Hoc|x86 = Ad-Hoc|x86
		AppStore|Any CPU = AppStore|Any CPU
		AppStore|ARM = AppStore|ARM
		AppStore|iPhone = AppStore|iPhone
		AppStore|iPhoneSimulator = AppStore|iPhoneSimulator
		AppStore|x64 = AppStore|x64
		AppStore|x86 = AppStore|x86
		Debug|Any CPU = Debug|Any CPU
		Debug|ARM = Debug|ARM
		Debug|iPhone = Debug|iPhone
		Debug|iPhoneSimulator = Debug|iPhoneSimulator
		Debug|x64 = Debug|x64
		Debug|x86 = Debug|x86
		Release|Any CPU = Release|Any CPU
		Release|ARM = Release|ARM
		Release|iPhone = Release|iPhone
		Release|iPhoneSimulator = Release|iPhoneSimulator
		Release|x64 = Release|x64
		Release|x86 = Release|x86
	EndGlobalSection
	GlobalSection(ProjectConfigurationPlatforms) = postSolution
		{CDFF242E-9F3B-4156-8958-D3DB76D8DD9D}.Ad-Hoc|Any CPU.ActiveCfg = Release|Any CPU
		{CDFF242E-9F3B-4156-8958-D3DB76D8DD9D}.Ad-Hoc|Any CPU.Build.0 = Release|Any CPU
		{CDFF242E-9F3B-4156-8958-D3DB76D8DD9D}.Ad-Hoc|Any CPU.Deploy.0 = Release|Any CPU
		{CDFF242E-9F3B-4156-8958-D3DB76D8DD9D}.Ad-Hoc|ARM.ActiveCfg = Release|Any CPU
		{CDFF242E-9F3B-4156-8958-D3DB76D8DD9D}.Ad-Hoc|ARM.Build.0 = Release|Any CPU
		{CDFF242E-9F3B-4156-8958-D3DB76D8DD9D}.Ad-Hoc|ARM.Deploy.0 = Release|Any CPU
		{CDFF242E-9F3B-4156-8958-D3DB76D8DD9D}.Ad-Hoc|iPhone.ActiveCfg = Release|Any CPU
		{CDFF242E-9F3B-4156-8958-D3DB76D8DD9D}.Ad-Hoc|iPhone.Build.0 = Release|Any CPU
		{CDFF242E-9F3B-4156-8958-D3DB76D8DD9D}.Ad-Hoc|iPhone.Deploy.0 = Release|Any CPU
		{CDFF242E-9F3B-4156-8958-D3DB76D8DD9D}.Ad-Hoc|iPhoneSimulator.ActiveCfg = Release|Any CPU
		{CDFF242E-9F3B-4156-8958-D3DB76D8DD9D}.Ad-Hoc|iPhoneSimulator.Build.0 = Release|Any CPU
		{CDFF242E-9F3B-4156-8958-D3DB76D8DD9D}.Ad-Hoc|iPhoneSimulator.Deploy.0 = Release|Any CPU
		{CDFF242E-9F3B-4156-8958-D3DB76D8DD9D}.Ad-Hoc|x64.ActiveCfg = Release|Any CPU
		{CDFF242E-9F3B-4156-8958-D3DB76D8DD9D}.Ad-Hoc|x64.Build.0 = Release|Any CPU
		{CDFF242E-9F3B-4156-8958-D3DB76D8DD9D}.Ad-Hoc|x64.Deploy.0 = Release|Any CPU
		{CDFF242E-9F3B-4156-8958-D3DB76D8DD9D}.Ad-Hoc|x86.ActiveCfg = Release|Any CPU
		{CDFF242E-9F3B-4156-8958-D3DB76D8DD9D}.Ad-Hoc|x86.Build.0 = Release|Any CPU
		{CDFF242E-9F3B-4156-8958-D3DB76D8DD9D}.Ad-Hoc|x86.Deploy.0 = Release|Any CPU
		{CDFF242E-9F3B-4156-8958-D3DB76D8DD9D}.AppStore|Any CPU.ActiveCfg = Release|Any CPU
		{CDFF242E-9F3B-4156-8958-D3DB76D8DD9D}.AppStore|Any CPU.Build.0 = Release|Any CPU
		{CDFF242E-9F3B-4156-8958-D3DB76D8DD9D}.AppStore|Any CPU.Deploy.0 = Release|Any CPU
		{CDFF242E-9F3B-4156-8958-D3DB76D8DD9D}.AppStore|ARM.ActiveCfg = Release|Any CPU
		{CDFF242E-9F3B-4156-8958-D3DB76D8DD9D}.AppStore|ARM.Build.0 = Release|Any CPU
		{CDFF242E-9F3B-4156-8958-D3DB76D8DD9D}.AppStore|ARM.Deploy.0 = Release|Any CPU
		{CDFF242E-9F3B-4156-8958-D3DB76D8DD9D}.AppStore|iPhone.ActiveCfg = Release|Any CPU
		{CDFF242E-9F3B-4156-8958-D3DB76D8DD9D}.AppStore|iPhone.Build.0 = Release|Any CPU
		{CDFF242E-9F3B-4156-8958-D3DB76D8DD9D}.AppStore|iPhone.Deploy.0 = Release|Any CPU
		{CDFF242E-9F3B-4156-8958-D3DB76D8DD9D}.AppStore|iPhoneSimulator.ActiveCfg = Release|Any CPU
		{CDFF242E-9F3B-4156-8958-D3DB76D8DD9D}.AppStore|iPhoneSimulator.Build.0 = Release|Any CPU
		{CDFF242E-9F3B-4156-8958-D3DB76D8DD9D}.AppStore|iPhoneSimulator.Deploy.0 = Release|Any CPU
		{CDFF242E-9F3B-4156-8958-D3DB76D8DD9D}.AppStore|x64.ActiveCfg = Release|Any CPU
		{CDFF242E-9F3B-4156-8958-D3DB76D8DD9D}.AppStore|x64.Build.0 = Release|Any CPU
		{CDFF242E-9F3B-4156-8958-D3DB76D8DD9D}.AppStore|x64.Deploy.0 = Release|Any CPU
		{CDFF242E-9F3B-4156-8958-D3DB76D8DD9D}.AppStore|x86.ActiveCfg = Release|Any CPU
		{CDFF242E-9F3B-4156-8958-D3DB76D8DD9D}.AppStore|x86.Build.0 = Release|Any CPU
		{CDFF242E-9F3B-4156-8958-D3DB76D8DD9D}.AppStore|x86.Deploy.0 = Release|Any CPU
		{CDFF242E-9F3B-4156-8958-D3DB76D8DD9D}.Debug|Any CPU.ActiveCfg = Debug|Any CPU
		{CDFF242E-9F3B-4156-8958-D3DB76D8DD9D}.Debug|Any CPU.Build.0 = Debug|Any CPU
		{CDFF242E-9F3B-4156-8958-D3DB76D8DD9D}.Debug|Any CPU.Deploy.0 = Debug|Any CPU
		{CDFF242E-9F3B-4156-8958-D3DB76D8DD9D}.Debug|ARM.ActiveCfg = Debug|Any CPU
		{CDFF242E-9F3B-4156-8958-D3DB76D8DD9D}.Debug|ARM.Build.0 = Debug|Any CPU
		{CDFF242E-9F3B-4156-8958-D3DB76D8DD9D}.Debug|ARM.Deploy.0 = Debug|Any CPU
		{CDFF242E-9F3B-4156-8958-D3DB76D8DD9D}.Debug|iPhone.ActiveCfg = Debug|Any CPU
		{CDFF242E-9F3B-4156-8958-D3DB76D8DD9D}.Debug|iPhone.Build.0 = Debug|Any CPU
		{CDFF242E-9F3B-4156-8958-D3DB76D8DD9D}.Debug|iPhone.Deploy.0 = Debug|Any CPU
		{CDFF242E-9F3B-4156-8958-D3DB76D8DD9D}.Debug|iPhoneSimulator.ActiveCfg = Debug|Any CPU
		{CDFF242E-9F3B-4156-8958-D3DB76D8DD9D}.Debug|iPhoneSimulator.Build.0 = Debug|Any CPU
		{CDFF242E-9F3B-4156-8958-D3DB76D8DD9D}.Debug|iPhoneSimulator.Deploy.0 = Debug|Any CPU
		{CDFF242E-9F3B-4156-8958-D3DB76D8DD9D}.Debug|x64.ActiveCfg = Debug|Any CPU
		{CDFF242E-9F3B-4156-8958-D3DB76D8DD9D}.Debug|x64.Build.0 = Debug|Any CPU
		{CDFF242E-9F3B-4156-8958-D3DB76D8DD9D}.Debug|x64.Deploy.0 = Debug|Any CPU
		{CDFF242E-9F3B-4156-8958-D3DB76D8DD9D}.Debug|x86.ActiveCfg = Debug|Any CPU
		{CDFF242E-9F3B-4156-8958-D3DB76D8DD9D}.Debug|x86.Build.0 = Debug|Any CPU
		{CDFF242E-9F3B-4156-8958-D3DB76D8DD9D}.Debug|x86.Deploy.0 = Debug|Any CPU
		{CDFF242E-9F3B-4156-8958-D3DB76D8DD9D}.Release|Any CPU.ActiveCfg = Release|Any CPU
		{CDFF242E-9F3B-4156-8958-D3DB76D8DD9D}.Release|Any CPU.Build.0 = Release|Any CPU
		{CDFF242E-9F3B-4156-8958-D3DB76D8DD9D}.Release|Any CPU.Deploy.0 = Release|Any CPU
		{CDFF242E-9F3B-4156-8958-D3DB76D8DD9D}.Release|ARM.ActiveCfg = Release|Any CPU
		{CDFF242E-9F3B-4156-8958-D3DB76D8DD9D}.Release|ARM.Build.0 = Release|Any CPU
		{CDFF242E-9F3B-4156-8958-D3DB76D8DD9D}.Release|ARM.Deploy.0 = Release|Any CPU
		{CDFF242E-9F3B-4156-8958-D3DB76D8DD9D}.Release|iPhone.ActiveCfg = Release|Any CPU
		{CDFF242E-9F3B-4156-8958-D3DB76D8DD9D}.Release|iPhone.Build.0 = Release|Any CPU
		{CDFF242E-9F3B-4156-8958-D3DB76D8DD9D}.Release|iPhone.Deploy.0 = Release|Any CPU
		{CDFF242E-9F3B-4156-8958-D3DB76D8DD9D}.Release|iPhoneSimulator.ActiveCfg = Release|Any CPU
		{CDFF242E-9F3B-4156-8958-D3DB76D8DD9D}.Release|iPhoneSimulator.Build.0 = Release|Any CPU
		{CDFF242E-9F3B-4156-8958-D3DB76D8DD9D}.Release|iPhoneSimulator.Deploy.0 = Release|Any CPU
		{CDFF242E-9F3B-4156-8958-D3DB76D8DD9D}.Release|x64.ActiveCfg = Release|Any CPU
		{CDFF242E-9F3B-4156-8958-D3DB76D8DD9D}.Release|x64.Build.0 = Release|Any CPU
		{CDFF242E-9F3B-4156-8958-D3DB76D8DD9D}.Release|x64.Deploy.0 = Release|Any CPU
		{CDFF242E-9F3B-4156-8958-D3DB76D8DD9D}.Release|x86.ActiveCfg = Release|Any CPU
		{CDFF242E-9F3B-4156-8958-D3DB76D8DD9D}.Release|x86.Build.0 = Release|Any CPU
		{CDFF242E-9F3B-4156-8958-D3DB76D8DD9D}.Release|x86.Deploy.0 = Release|Any CPU
		{18A1C552-5F89-423D-93C7-3DE613FAA381}.Ad-Hoc|Any CPU.ActiveCfg = Ad-Hoc|iPhone
		{18A1C552-5F89-423D-93C7-3DE613FAA381}.Ad-Hoc|Any CPU.Build.0 = Ad-Hoc|iPhone
		{18A1C552-5F89-423D-93C7-3DE613FAA381}.Ad-Hoc|Any CPU.Deploy.0 = Ad-Hoc|iPhone
		{18A1C552-5F89-423D-93C7-3DE613FAA381}.Ad-Hoc|ARM.ActiveCfg = Ad-Hoc|iPhone
		{18A1C552-5F89-423D-93C7-3DE613FAA381}.Ad-Hoc|ARM.Build.0 = Ad-Hoc|iPhone
		{18A1C552-5F89-423D-93C7-3DE613FAA381}.Ad-Hoc|ARM.Deploy.0 = Ad-Hoc|iPhone
		{18A1C552-5F89-423D-93C7-3DE613FAA381}.Ad-Hoc|iPhone.ActiveCfg = Ad-Hoc|iPhone
		{18A1C552-5F89-423D-93C7-3DE613FAA381}.Ad-Hoc|iPhone.Build.0 = Ad-Hoc|iPhone
		{18A1C552-5F89-423D-93C7-3DE613FAA381}.Ad-Hoc|iPhone.Deploy.0 = Ad-Hoc|iPhone
		{18A1C552-5F89-423D-93C7-3DE613FAA381}.Ad-Hoc|iPhoneSimulator.ActiveCfg = Ad-Hoc|iPhoneSimulator
		{18A1C552-5F89-423D-93C7-3DE613FAA381}.Ad-Hoc|iPhoneSimulator.Build.0 = Ad-Hoc|iPhoneSimulator
		{18A1C552-5F89-423D-93C7-3DE613FAA381}.Ad-Hoc|iPhoneSimulator.Deploy.0 = Ad-Hoc|iPhoneSimulator
		{18A1C552-5F89-423D-93C7-3DE613FAA381}.Ad-Hoc|x64.ActiveCfg = Ad-Hoc|iPhone
		{18A1C552-5F89-423D-93C7-3DE613FAA381}.Ad-Hoc|x64.Build.0 = Ad-Hoc|iPhone
		{18A1C552-5F89-423D-93C7-3DE613FAA381}.Ad-Hoc|x64.Deploy.0 = Ad-Hoc|iPhone
		{18A1C552-5F89-423D-93C7-3DE613FAA381}.Ad-Hoc|x86.ActiveCfg = Ad-Hoc|iPhone
		{18A1C552-5F89-423D-93C7-3DE613FAA381}.Ad-Hoc|x86.Build.0 = Ad-Hoc|iPhone
		{18A1C552-5F89-423D-93C7-3DE613FAA381}.Ad-Hoc|x86.Deploy.0 = Ad-Hoc|iPhone
		{18A1C552-5F89-423D-93C7-3DE613FAA381}.AppStore|Any CPU.ActiveCfg = AppStore|iPhone
		{18A1C552-5F89-423D-93C7-3DE613FAA381}.AppStore|Any CPU.Build.0 = AppStore|iPhone
		{18A1C552-5F89-423D-93C7-3DE613FAA381}.AppStore|Any CPU.Deploy.0 = AppStore|iPhone
		{18A1C552-5F89-423D-93C7-3DE613FAA381}.AppStore|ARM.ActiveCfg = AppStore|iPhone
		{18A1C552-5F89-423D-93C7-3DE613FAA381}.AppStore|ARM.Build.0 = AppStore|iPhone
		{18A1C552-5F89-423D-93C7-3DE613FAA381}.AppStore|ARM.Deploy.0 = AppStore|iPhone
		{18A1C552-5F89-423D-93C7-3DE613FAA381}.AppStore|iPhone.ActiveCfg = AppStore|iPhone
		{18A1C552-5F89-423D-93C7-3DE613FAA381}.AppStore|iPhone.Build.0 = AppStore|iPhone
		{18A1C552-5F89-423D-93C7-3DE613FAA381}.AppStore|iPhone.Deploy.0 = AppStore|iPhone
		{18A1C552-5F89-423D-93C7-3DE613FAA381}.AppStore|iPhoneSimulator.ActiveCfg = AppStore|iPhoneSimulator
		{18A1C552-5F89-423D-93C7-3DE613FAA381}.AppStore|iPhoneSimulator.Build.0 = AppStore|iPhoneSimulator
		{18A1C552-5F89-423D-93C7-3DE613FAA381}.AppStore|iPhoneSimulator.Deploy.0 = AppStore|iPhoneSimulator
		{18A1C552-5F89-423D-93C7-3DE613FAA381}.AppStore|x64.ActiveCfg = AppStore|iPhone
		{18A1C552-5F89-423D-93C7-3DE613FAA381}.AppStore|x64.Build.0 = AppStore|iPhone
		{18A1C552-5F89-423D-93C7-3DE613FAA381}.AppStore|x64.Deploy.0 = AppStore|iPhone
		{18A1C552-5F89-423D-93C7-3DE613FAA381}.AppStore|x86.ActiveCfg = AppStore|iPhone
		{18A1C552-5F89-423D-93C7-3DE613FAA381}.AppStore|x86.Build.0 = AppStore|iPhone
		{18A1C552-5F89-423D-93C7-3DE613FAA381}.AppStore|x86.Deploy.0 = AppStore|iPhone
		{18A1C552-5F89-423D-93C7-3DE613FAA381}.Debug|Any CPU.ActiveCfg = Debug|iPhoneSimulator
		{18A1C552-5F89-423D-93C7-3DE613FAA381}.Debug|Any CPU.Build.0 = Debug|iPhoneSimulator
		{18A1C552-5F89-423D-93C7-3DE613FAA381}.Debug|Any CPU.Deploy.0 = Debug|iPhoneSimulator
		{18A1C552-5F89-423D-93C7-3DE613FAA381}.Debug|ARM.ActiveCfg = Debug|iPhone
		{18A1C552-5F89-423D-93C7-3DE613FAA381}.Debug|ARM.Build.0 = Debug|iPhone
		{18A1C552-5F89-423D-93C7-3DE613FAA381}.Debug|ARM.Deploy.0 = Debug|iPhone
		{18A1C552-5F89-423D-93C7-3DE613FAA381}.Debug|iPhone.ActiveCfg = Debug|iPhone
		{18A1C552-5F89-423D-93C7-3DE613FAA381}.Debug|iPhone.Build.0 = Debug|iPhone
		{18A1C552-5F89-423D-93C7-3DE613FAA381}.Debug|iPhone.Deploy.0 = Debug|iPhone
		{18A1C552-5F89-423D-93C7-3DE613FAA381}.Debug|iPhoneSimulator.ActiveCfg = Debug|iPhoneSimulator
		{18A1C552-5F89-423D-93C7-3DE613FAA381}.Debug|iPhoneSimulator.Build.0 = Debug|iPhoneSimulator
		{18A1C552-5F89-423D-93C7-3DE613FAA381}.Debug|iPhoneSimulator.Deploy.0 = Debug|iPhoneSimulator
		{18A1C552-5F89-423D-93C7-3DE613FAA381}.Debug|x64.ActiveCfg = Debug|iPhone
		{18A1C552-5F89-423D-93C7-3DE613FAA381}.Debug|x64.Build.0 = Debug|iPhone
		{18A1C552-5F89-423D-93C7-3DE613FAA381}.Debug|x64.Deploy.0 = Debug|iPhone
		{18A1C552-5F89-423D-93C7-3DE613FAA381}.Debug|x86.ActiveCfg = Debug|iPhone
		{18A1C552-5F89-423D-93C7-3DE613FAA381}.Debug|x86.Build.0 = Debug|iPhone
		{18A1C552-5F89-423D-93C7-3DE613FAA381}.Debug|x86.Deploy.0 = Debug|iPhone
		{18A1C552-5F89-423D-93C7-3DE613FAA381}.Release|Any CPU.ActiveCfg = Release|iPhone
		{18A1C552-5F89-423D-93C7-3DE613FAA381}.Release|Any CPU.Build.0 = Release|iPhone
		{18A1C552-5F89-423D-93C7-3DE613FAA381}.Release|Any CPU.Deploy.0 = Release|iPhone
		{18A1C552-5F89-423D-93C7-3DE613FAA381}.Release|ARM.ActiveCfg = Release|iPhone
		{18A1C552-5F89-423D-93C7-3DE613FAA381}.Release|ARM.Build.0 = Release|iPhone
		{18A1C552-5F89-423D-93C7-3DE613FAA381}.Release|ARM.Deploy.0 = Release|iPhone
		{18A1C552-5F89-423D-93C7-3DE613FAA381}.Release|iPhone.ActiveCfg = Release|iPhone
		{18A1C552-5F89-423D-93C7-3DE613FAA381}.Release|iPhone.Build.0 = Release|iPhone
		{18A1C552-5F89-423D-93C7-3DE613FAA381}.Release|iPhone.Deploy.0 = Release|iPhone
		{18A1C552-5F89-423D-93C7-3DE613FAA381}.Release|iPhoneSimulator.ActiveCfg = Release|iPhoneSimulator
		{18A1C552-5F89-423D-93C7-3DE613FAA381}.Release|iPhoneSimulator.Build.0 = Release|iPhoneSimulator
		{18A1C552-5F89-423D-93C7-3DE613FAA381}.Release|iPhoneSimulator.Deploy.0 = Release|iPhoneSimulator
		{18A1C552-5F89-423D-93C7-3DE613FAA381}.Release|x64.ActiveCfg = Release|iPhone
		{18A1C552-5F89-423D-93C7-3DE613FAA381}.Release|x64.Build.0 = Release|iPhone
		{18A1C552-5F89-423D-93C7-3DE613FAA381}.Release|x64.Deploy.0 = Release|iPhone
		{18A1C552-5F89-423D-93C7-3DE613FAA381}.Release|x86.ActiveCfg = Release|iPhone
		{18A1C552-5F89-423D-93C7-3DE613FAA381}.Release|x86.Build.0 = Release|iPhone
		{18A1C552-5F89-423D-93C7-3DE613FAA381}.Release|x86.Deploy.0 = Release|iPhone
		{79675404-8106-40C3-96EF-7F45A8A4870F}.Ad-Hoc|Any CPU.ActiveCfg = Release|x86
		{79675404-8106-40C3-96EF-7F45A8A4870F}.Ad-Hoc|Any CPU.Build.0 = Release|x86
		{79675404-8106-40C3-96EF-7F45A8A4870F}.Ad-Hoc|Any CPU.Deploy.0 = Release|x86
		{79675404-8106-40C3-96EF-7F45A8A4870F}.Ad-Hoc|ARM.ActiveCfg = Release|ARM
		{79675404-8106-40C3-96EF-7F45A8A4870F}.Ad-Hoc|ARM.Build.0 = Release|ARM
		{79675404-8106-40C3-96EF-7F45A8A4870F}.Ad-Hoc|ARM.Deploy.0 = Release|ARM
		{79675404-8106-40C3-96EF-7F45A8A4870F}.Ad-Hoc|iPhone.ActiveCfg = Release|x86
		{79675404-8106-40C3-96EF-7F45A8A4870F}.Ad-Hoc|iPhone.Build.0 = Release|x86
		{79675404-8106-40C3-96EF-7F45A8A4870F}.Ad-Hoc|iPhone.Deploy.0 = Release|x86
		{79675404-8106-40C3-96EF-7F45A8A4870F}.Ad-Hoc|iPhoneSimulator.ActiveCfg = Release|x86
		{79675404-8106-40C3-96EF-7F45A8A4870F}.Ad-Hoc|iPhoneSimulator.Build.0 = Release|x86
		{79675404-8106-40C3-96EF-7F45A8A4870F}.Ad-Hoc|iPhoneSimulator.Deploy.0 = Release|x86
		{79675404-8106-40C3-96EF-7F45A8A4870F}.Ad-Hoc|x64.ActiveCfg = Release|x64
		{79675404-8106-40C3-96EF-7F45A8A4870F}.Ad-Hoc|x64.Build.0 = Release|x64
		{79675404-8106-40C3-96EF-7F45A8A4870F}.Ad-Hoc|x64.Deploy.0 = Release|x64
		{79675404-8106-40C3-96EF-7F45A8A4870F}.Ad-Hoc|x86.ActiveCfg = Release|x86
		{79675404-8106-40C3-96EF-7F45A8A4870F}.Ad-Hoc|x86.Build.0 = Release|x86
		{79675404-8106-40C3-96EF-7F45A8A4870F}.Ad-Hoc|x86.Deploy.0 = Release|x86
		{79675404-8106-40C3-96EF-7F45A8A4870F}.AppStore|Any CPU.ActiveCfg = Release|x86
		{79675404-8106-40C3-96EF-7F45A8A4870F}.AppStore|Any CPU.Build.0 = Release|x86
		{79675404-8106-40C3-96EF-7F45A8A4870F}.AppStore|Any CPU.Deploy.0 = Release|x86
		{79675404-8106-40C3-96EF-7F45A8A4870F}.AppStore|ARM.ActiveCfg = Release|ARM
		{79675404-8106-40C3-96EF-7F45A8A4870F}.AppStore|ARM.Build.0 = Release|ARM
		{79675404-8106-40C3-96EF-7F45A8A4870F}.AppStore|ARM.Deploy.0 = Release|ARM
		{79675404-8106-40C3-96EF-7F45A8A4870F}.AppStore|iPhone.ActiveCfg = Release|x86
		{79675404-8106-40C3-96EF-7F45A8A4870F}.AppStore|iPhone.Build.0 = Release|x86
		{79675404-8106-40C3-96EF-7F45A8A4870F}.AppStore|iPhone.Deploy.0 = Release|x86
		{79675404-8106-40C3-96EF-7F45A8A4870F}.AppStore|iPhoneSimulator.ActiveCfg = Release|x86
		{79675404-8106-40C3-96EF-7F45A8A4870F}.AppStore|iPhoneSimulator.Build.0 = Release|x86
		{79675404-8106-40C3-96EF-7F45A8A4870F}.AppStore|iPhoneSimulator.Deploy.0 = Release|x86
		{79675404-8106-40C3-96EF-7F45A8A4870F}.AppStore|x64.ActiveCfg = Release|x64
		{79675404-8106-40C3-96EF-7F45A8A4870F}.AppStore|x64.Build.0 = Release|x64
		{79675404-8106-40C3-96EF-7F45A8A4870F}.AppStore|x64.Deploy.0 = Release|x64
		{79675404-8106-40C3-96EF-7F45A8A4870F}.AppStore|x86.ActiveCfg = Release|x86
		{79675404-8106-40C3-96EF-7F45A8A4870F}.AppStore|x86.Build.0 = Release|x86
		{79675404-8106-40C3-96EF-7F45A8A4870F}.AppStore|x86.Deploy.0 = Release|x86
		{79675404-8106-40C3-96EF-7F45A8A4870F}.Debug|Any CPU.ActiveCfg = Debug|x86
		{79675404-8106-40C3-96EF-7F45A8A4870F}.Debug|Any CPU.Build.0 = Debug|x86
		{79675404-8106-40C3-96EF-7F45A8A4870F}.Debug|Any CPU.Deploy.0 = Debug|x86
		{79675404-8106-40C3-96EF-7F45A8A4870F}.Debug|ARM.ActiveCfg = Debug|ARM
		{79675404-8106-40C3-96EF-7F45A8A4870F}.Debug|ARM.Build.0 = Debug|ARM
		{79675404-8106-40C3-96EF-7F45A8A4870F}.Debug|ARM.Deploy.0 = Debug|ARM
		{79675404-8106-40C3-96EF-7F45A8A4870F}.Debug|iPhone.ActiveCfg = Debug|x86
		{79675404-8106-40C3-96EF-7F45A8A4870F}.Debug|iPhone.Build.0 = Debug|x86
		{79675404-8106-40C3-96EF-7F45A8A4870F}.Debug|iPhone.Deploy.0 = Debug|x86
		{79675404-8106-40C3-96EF-7F45A8A4870F}.Debug|iPhoneSimulator.ActiveCfg = Debug|x86
		{79675404-8106-40C3-96EF-7F45A8A4870F}.Debug|iPhoneSimulator.Build.0 = Debug|x86
		{79675404-8106-40C3-96EF-7F45A8A4870F}.Debug|iPhoneSimulator.Deploy.0 = Debug|x86
		{79675404-8106-40C3-96EF-7F45A8A4870F}.Debug|x64.ActiveCfg = Debug|x64
		{79675404-8106-40C3-96EF-7F45A8A4870F}.Debug|x64.Build.0 = Debug|x64
		{79675404-8106-40C3-96EF-7F45A8A4870F}.Debug|x64.Deploy.0 = Debug|x64
		{79675404-8106-40C3-96EF-7F45A8A4870F}.Debug|x86.ActiveCfg = Debug|x86
		{79675404-8106-40C3-96EF-7F45A8A4870F}.Debug|x86.Build.0 = Debug|x86
		{79675404-8106-40C3-96EF-7F45A8A4870F}.Debug|x86.Deploy.0 = Debug|x86
		{79675404-8106-40C3-96EF-7F45A8A4870F}.Release|Any CPU.ActiveCfg = Release|x86
		{79675404-8106-40C3-96EF-7F45A8A4870F}.Release|Any CPU.Build.0 = Release|x86
		{79675404-8106-40C3-96EF-7F45A8A4870F}.Release|Any CPU.Deploy.0 = Release|x86
		{79675404-8106-40C3-96EF-7F45A8A4870F}.Release|ARM.ActiveCfg = Release|ARM
		{79675404-8106-40C3-96EF-7F45A8A4870F}.Release|ARM.Build.0 = Release|ARM
		{79675404-8106-40C3-96EF-7F45A8A4870F}.Release|ARM.Deploy.0 = Release|ARM
		{79675404-8106-40C3-96EF-7F45A8A4870F}.Release|iPhone.ActiveCfg = Release|x86
		{79675404-8106-40C3-96EF-7F45A8A4870F}.Release|iPhone.Build.0 = Release|x86
		{79675404-8106-40C3-96EF-7F45A8A4870F}.Release|iPhone.Deploy.0 = Release|x86
		{79675404-8106-40C3-96EF-7F45A8A4870F}.Release|iPhoneSimulator.ActiveCfg = Release|x86
		{79675404-8106-40C3-96EF-7F45A8A4870F}.Release|iPhoneSimulator.Build.0 = Release|x86
		{79675404-8106-40C3-96EF-7F45A8A4870F}.Release|iPhoneSimulator.Deploy.0 = Release|x86
		{79675404-8106-40C3-96EF-7F45A8A4870F}.Release|x64.ActiveCfg = Release|x64
		{79675404-8106-40C3-96EF-7F45A8A4870F}.Release|x64.Build.0 = Release|x64
		{79675404-8106-40C3-96EF-7F45A8A4870F}.Release|x64.Deploy.0 = Release|x64
		{79675404-8106-40C3-96EF-7F45A8A4870F}.Release|x86.ActiveCfg = Release|x86
		{79675404-8106-40C3-96EF-7F45A8A4870F}.Release|x86.Build.0 = Release|x86
		{79675404-8106-40C3-96EF-7F45A8A4870F}.Release|x86.Deploy.0 = Release|x86
		{4C83E559-814E-4145-AD86-F8BC728C329D}.Ad-Hoc|Any CPU.ActiveCfg = Debug|Any CPU
		{4C83E559-814E-4145-AD86-F8BC728C329D}.Ad-Hoc|Any CPU.Build.0 = Debug|Any CPU
		{4C83E559-814E-4145-AD86-F8BC728C329D}.Ad-Hoc|Any CPU.Deploy.0 = Debug|Any CPU
		{4C83E559-814E-4145-AD86-F8BC728C329D}.Ad-Hoc|ARM.ActiveCfg = Debug|Any CPU
		{4C83E559-814E-4145-AD86-F8BC728C329D}.Ad-Hoc|ARM.Build.0 = Debug|Any CPU
		{4C83E559-814E-4145-AD86-F8BC728C329D}.Ad-Hoc|ARM.Deploy.0 = Debug|Any CPU
		{4C83E559-814E-4145-AD86-F8BC728C329D}.Ad-Hoc|iPhone.ActiveCfg = Debug|Any CPU
		{4C83E559-814E-4145-AD86-F8BC728C329D}.Ad-Hoc|iPhone.Build.0 = Debug|Any CPU
		{4C83E559-814E-4145-AD86-F8BC728C329D}.Ad-Hoc|iPhone.Deploy.0 = Debug|Any CPU
		{4C83E559-814E-4145-AD86-F8BC728C329D}.Ad-Hoc|iPhoneSimulator.ActiveCfg = Debug|Any CPU
		{4C83E559-814E-4145-AD86-F8BC728C329D}.Ad-Hoc|iPhoneSimulator.Build.0 = Debug|Any CPU
		{4C83E559-814E-4145-AD86-F8BC728C329D}.Ad-Hoc|iPhoneSimulator.Deploy.0 = Debug|Any CPU
		{4C83E559-814E-4145-AD86-F8BC728C329D}.Ad-Hoc|x64.ActiveCfg = Debug|Any CPU
		{4C83E559-814E-4145-AD86-F8BC728C329D}.Ad-Hoc|x64.Build.0 = Debug|Any CPU
		{4C83E559-814E-4145-AD86-F8BC728C329D}.Ad-Hoc|x64.Deploy.0 = Debug|Any CPU
		{4C83E559-814E-4145-AD86-F8BC728C329D}.Ad-Hoc|x86.ActiveCfg = Debug|Any CPU
		{4C83E559-814E-4145-AD86-F8BC728C329D}.Ad-Hoc|x86.Build.0 = Debug|Any CPU
		{4C83E559-814E-4145-AD86-F8BC728C329D}.Ad-Hoc|x86.Deploy.0 = Debug|Any CPU
		{4C83E559-814E-4145-AD86-F8BC728C329D}.AppStore|Any CPU.ActiveCfg = Debug|Any CPU
		{4C83E559-814E-4145-AD86-F8BC728C329D}.AppStore|Any CPU.Build.0 = Debug|Any CPU
		{4C83E559-814E-4145-AD86-F8BC728C329D}.AppStore|Any CPU.Deploy.0 = Debug|Any CPU
		{4C83E559-814E-4145-AD86-F8BC728C329D}.AppStore|ARM.ActiveCfg = Debug|Any CPU
		{4C83E559-814E-4145-AD86-F8BC728C329D}.AppStore|ARM.Build.0 = Debug|Any CPU
		{4C83E559-814E-4145-AD86-F8BC728C329D}.AppStore|ARM.Deploy.0 = Debug|Any CPU
		{4C83E559-814E-4145-AD86-F8BC728C329D}.AppStore|iPhone.ActiveCfg = Debug|Any CPU
		{4C83E559-814E-4145-AD86-F8BC728C329D}.AppStore|iPhone.Build.0 = Debug|Any CPU
		{4C83E559-814E-4145-AD86-F8BC728C329D}.AppStore|iPhone.Deploy.0 = Debug|Any CPU
		{4C83E559-814E-4145-AD86-F8BC728C329D}.AppStore|iPhoneSimulator.ActiveCfg = Debug|Any CPU
		{4C83E559-814E-4145-AD86-F8BC728C329D}.AppStore|iPhoneSimulator.Build.0 = Debug|Any CPU
		{4C83E559-814E-4145-AD86-F8BC728C329D}.AppStore|iPhoneSimulator.Deploy.0 = Debug|Any CPU
		{4C83E559-814E-4145-AD86-F8BC728C329D}.AppStore|x64.ActiveCfg = Debug|Any CPU
		{4C83E559-814E-4145-AD86-F8BC728C329D}.AppStore|x64.Build.0 = Debug|Any CPU
		{4C83E559-814E-4145-AD86-F8BC728C329D}.AppStore|x64.Deploy.0 = Debug|Any CPU
		{4C83E559-814E-4145-AD86-F8BC728C329D}.AppStore|x86.ActiveCfg = Debug|Any CPU
		{4C83E559-814E-4145-AD86-F8BC728C329D}.AppStore|x86.Build.0 = Debug|Any CPU
		{4C83E559-814E-4145-AD86-F8BC728C329D}.AppStore|x86.Deploy.0 = Debug|Any CPU
		{4C83E559-814E-4145-AD86-F8BC728C329D}.Debug|Any CPU.ActiveCfg = Debug|Any CPU
		{4C83E559-814E-4145-AD86-F8BC728C329D}.Debug|Any CPU.Build.0 = Debug|Any CPU
		{4C83E559-814E-4145-AD86-F8BC728C329D}.Debug|Any CPU.Deploy.0 = Debug|Any CPU
		{4C83E559-814E-4145-AD86-F8BC728C329D}.Debug|ARM.ActiveCfg = Debug|Any CPU
		{4C83E559-814E-4145-AD86-F8BC728C329D}.Debug|ARM.Build.0 = Debug|Any CPU
		{4C83E559-814E-4145-AD86-F8BC728C329D}.Debug|ARM.Deploy.0 = Debug|Any CPU
		{4C83E559-814E-4145-AD86-F8BC728C329D}.Debug|iPhone.ActiveCfg = Debug|Any CPU
		{4C83E559-814E-4145-AD86-F8BC728C329D}.Debug|iPhone.Build.0 = Debug|Any CPU
		{4C83E559-814E-4145-AD86-F8BC728C329D}.Debug|iPhone.Deploy.0 = Debug|Any CPU
		{4C83E559-814E-4145-AD86-F8BC728C329D}.Debug|iPhoneSimulator.ActiveCfg = Debug|Any CPU
		{4C83E559-814E-4145-AD86-F8BC728C329D}.Debug|iPhoneSimulator.Build.0 = Debug|Any CPU
		{4C83E559-814E-4145-AD86-F8BC728C329D}.Debug|iPhoneSimulator.Deploy.0 = Debug|Any CPU
		{4C83E559-814E-4145-AD86-F8BC728C329D}.Debug|x64.ActiveCfg = Debug|Any CPU
		{4C83E559-814E-4145-AD86-F8BC728C329D}.Debug|x64.Build.0 = Debug|Any CPU
		{4C83E559-814E-4145-AD86-F8BC728C329D}.Debug|x64.Deploy.0 = Debug|Any CPU
		{4C83E559-814E-4145-AD86-F8BC728C329D}.Debug|x86.ActiveCfg = Debug|Any CPU
		{4C83E559-814E-4145-AD86-F8BC728C329D}.Debug|x86.Build.0 = Debug|Any CPU
		{4C83E559-814E-4145-AD86-F8BC728C329D}.Debug|x86.Deploy.0 = Debug|Any CPU
		{4C83E559-814E-4145-AD86-F8BC728C329D}.Release|Any CPU.ActiveCfg = Release|Any CPU
		{4C83E559-814E-4145-AD86-F8BC728C329D}.Release|Any CPU.Build.0 = Release|Any CPU
		{4C83E559-814E-4145-AD86-F8BC728C329D}.Release|Any CPU.Deploy.0 = Release|Any CPU
		{4C83E559-814E-4145-AD86-F8BC728C329D}.Release|ARM.ActiveCfg = Release|Any CPU
		{4C83E559-814E-4145-AD86-F8BC728C329D}.Release|ARM.Build.0 = Release|Any CPU
		{4C83E559-814E-4145-AD86-F8BC728C329D}.Release|ARM.Deploy.0 = Release|Any CPU
		{4C83E559-814E-4145-AD86-F8BC728C329D}.Release|iPhone.ActiveCfg = Release|Any CPU
		{4C83E559-814E-4145-AD86-F8BC728C329D}.Release|iPhone.Build.0 = Release|Any CPU
		{4C83E559-814E-4145-AD86-F8BC728C329D}.Release|iPhone.Deploy.0 = Release|Any CPU
		{4C83E559-814E-4145-AD86-F8BC728C329D}.Release|iPhoneSimulator.ActiveCfg = Release|Any CPU
		{4C83E559-814E-4145-AD86-F8BC728C329D}.Release|iPhoneSimulator.Build.0 = Release|Any CPU
		{4C83E559-814E-4145-AD86-F8BC728C329D}.Release|iPhoneSimulator.Deploy.0 = Release|Any CPU
		{4C83E559-814E-4145-AD86-F8BC728C329D}.Release|x64.ActiveCfg = Release|Any CPU
		{4C83E559-814E-4145-AD86-F8BC728C329D}.Release|x64.Build.0 = Release|Any CPU
		{4C83E559-814E-4145-AD86-F8BC728C329D}.Release|x64.Deploy.0 = Release|Any CPU
		{4C83E559-814E-4145-AD86-F8BC728C329D}.Release|x86.ActiveCfg = Release|Any CPU
		{4C83E559-814E-4145-AD86-F8BC728C329D}.Release|x86.Build.0 = Release|Any CPU
		{4C83E559-814E-4145-AD86-F8BC728C329D}.Release|x86.Deploy.0 = Release|Any CPU
	EndGlobalSection
	GlobalSection(SolutionProperties) = preSolution
		HideSolutionNode = FALSE
	EndGlobalSection
	GlobalSection(ExtensibilityGlobals) = postSolution
		SolutionGuid = {8B422508-DA75-429E-BD49-45C6C38E1323}
	EndGlobalSection
EndGlobal
